
Microsoft Visual Studio Solution File, Format Version 12.00
# Visual Studio Version 17
VisualStudioVersion = 17.13.35818.85
MinimumVisualStudioVersion = 10.0.40219.1
Project("{FAE04EC0-301F-11D3-BF4B-00C04F79EFBC}") = "C#", "C#\C#.csproj", "{D3493FBB-3635-4AA1-A0AA-5167906E5DE2}"
EndProject
Global
	GlobalSection(SolutionConfigurationPlatforms) = preSolution
		Debug|Any CPU = Debug|Any CPU
		Release|Any CPU = Release|Any CPU
	EndGlobalSection
	GlobalSection(ProjectConfigurationPlatforms) = postSolution
		{D3493FBB-3635-4AA1-A0AA-5167906E5DE2}.Debug|Any CPU.ActiveCfg = Debug|Any CPU
		{D3493FBB-3635-4AA1-A0AA-5167906E5DE2}.Debug|Any CPU.Build.0 = Debug|Any CPU
		{D3493FBB-3635-4AA1-A0AA-5167906E5DE2}.Release|Any CPU.ActiveCfg = Release|Any CPU
		{D3493FBB-3635-4AA1-A0AA-5167906E5DE2}.Release|Any CPU.Build.0 = Release|Any CPU
	EndGlobalSection
	GlobalSection(SolutionProperties) = preSolution
		HideSolutionNode = FALSE
	EndGlobalSection
	GlobalSection(ExtensibilityGlobals) = postSolution
		SolutionGuid = {7A8E63CB-2294-4830-A6FB-27FF091996CF}
	EndGlobalSection
EndGlobal
